<?xml version="1.0" encoding="utf-8"?>
<Project ToolsVersion="12.0" xmlns="http://schemas.microsoft.com/developer/msbuild/2003">
  <ItemGroup>
    <Filter Include="DOM">
      <UniqueIdentifier>{882a953b-2a6c-47c8-8b61-0e469835d360}</UniqueIdentifier>
    </Filter>
    <Filter Include="Expat">
      <UniqueIdentifier>{c29a1f53-667c-42e1-9c80-782995217c2a}</UniqueIdentifier>
    </Filter>
    <Filter Include="SAX">
      <UniqueIdentifier>{d2885b38-32e3-4a9f-b7b5-924eede6205f}</UniqueIdentifier>
    </Filter>
    <Filter Include="XML">
      <UniqueIdentifier>{c0da723e-10f1-43ab-a204-a6224bb84ef0}</UniqueIdentifier>
    </Filter>
    <Filter Include="DOM\Header Files">
      <UniqueIdentifier>{4d3e2ef1-9990-49f0-a61f-28d4b4d12888}</UniqueIdentifier>
    </Filter>
    <Filter Include="Expat\Header Files">
      <UniqueIdentifier>{cbe52b1e-0251-4374-9220-080a747dd266}</UniqueIdentifier>
    </Filter>
    <Filter Include="XML\Header Files">
      <UniqueIdentifier>{19e77598-fac9-48e9-b360-ecb1601560de}</UniqueIdentifier>
    </Filter>
    <Filter Include="SAX\Header Files">
      <UniqueIdentifier>{ddc60d72-7039-4d5f-a057-febb10d60835}</UniqueIdentifier>
    </Filter>
    <Filter Include="DOM\Source Files">
      <UniqueIdentifier>{d1216124-1dac-48f3-8a30-42d922f46ab6}</UniqueIdentifier>
    </Filter>
    <Filter Include="Expat\Source Files">
      <UniqueIdentifier>{03f76727-8e54-49ef-bdff-beaf9df55abf}</UniqueIdentifier>
    </Filter>
    <Filter Include="XML\Source Files">
      <UniqueIdentifier>{5e690505-76d3-4668-99ad-3470ef480bd9}</UniqueIdentifier>
    </Filter>
    <Filter Include="SAX\Source Files">
      <UniqueIdentifier>{8e4e1584-49d6-4e47-87bd-f820b532a46a}</UniqueIdentifier>
    </Filter>
  </ItemGroup>
  <ItemGroup>
    <ClInclude Include="$(MSBuildThisFileDirectory)..\..\include\Poco\DOM\AbstractContainerNode.h">
      <Filter>DOM\Header Files</Filter>
    </ClInclude>
    <ClInclude Include="$(MSBuildThisFileDirectory)..\..\include\Poco\DOM\AbstractNode.h">
      <Filter>DOM\Header Files</Filter>
    </ClInclude>
    <ClInclude Include="$(MSBuildThisFileDirectory)..\..\include\Poco\DOM\Attr.h">
      <Filter>DOM\Header Files</Filter>
    </ClInclude>
    <ClInclude Include="$(MSBuildThisFileDirectory)..\..\include\Poco\DOM\AttrMap.h">
      <Filter>DOM\Header Files</Filter>
    </ClInclude>
    <ClInclude Include="$(MSBuildThisFileDirectory)..\..\include\Poco\DOM\AutoPtr.h">
      <Filter>DOM\Header Files</Filter>
    </ClInclude>
    <ClInclude Include="$(MSBuildThisFileDirectory)..\..\include\Poco\DOM\CDATASection.h">
      <Filter>DOM\Header Files</Filter>
    </ClInclude>
    <ClInclude Include="$(MSBuildThisFileDirectory)..\..\include\Poco\DOM\CharacterData.h">
      <Filter>DOM\Header Files</Filter>
    </ClInclude>
    <ClInclude Include="$(MSBuildThisFileDirectory)..\..\include\Poco\DOM\ChildNodesList.h">
      <Filter>DOM\Header Files</Filter>
    </ClInclude>
    <ClInclude Include="$(MSBuildThisFileDirectory)..\..\include\Poco\DOM\Comment.h">
      <Filter>DOM\Header Files</Filter>
    </ClInclude>
    <ClInclude Include="$(MSBuildThisFileDirectory)..\..\include\Poco\DOM\Document.h">
      <Filter>DOM\Header Files</Filter>
    </ClInclude>
    <ClInclude Include="$(MSBuildThisFileDirectory)..\..\include\Poco\DOM\DocumentEvent.h">
      <Filter>DOM\Header Files</Filter>
    </ClInclude>
    <ClInclude Include="$(MSBuildThisFileDirectory)..\..\include\Poco\DOM\DocumentFragment.h">
      <Filter>DOM\Header Files</Filter>
    </ClInclude>
    <ClInclude Include="$(MSBuildThisFileDirectory)..\..\include\Poco\DOM\DocumentType.h">
      <Filter>DOM\Header Files</Filter>
    </ClInclude>
    <ClInclude Include="$(MSBuildThisFileDirectory)..\..\include\Poco\DOM\DOMBuilder.h">
      <Filter>DOM\Header Files</Filter>
    </ClInclude>
    <ClInclude Include="$(MSBuildThisFileDirectory)..\..\include\Poco\DOM\DOMException.h">
      <Filter>DOM\Header Files</Filter>
    </ClInclude>
    <ClInclude Include="$(MSBuildThisFileDirectory)..\..\include\Poco\DOM\DOMImplementation.h">
      <Filter>DOM\Header Files</Filter>
    </ClInclude>
    <ClInclude Include="$(MSBuildThisFileDirectory)..\..\include\Poco\DOM\DOMObject.h">
      <Filter>DOM\Header Files</Filter>
    </ClInclude>
    <ClInclude Include="$(MSBuildThisFileDirectory)..\..\include\Poco\DOM\DOMParser.h">
      <Filter>DOM\Header Files</Filter>
    </ClInclude>
    <ClInclude Include="$(MSBuildThisFileDirectory)..\..\include\Poco\DOM\DOMSerializer.h">
      <Filter>DOM\Header Files</Filter>
    </ClInclude>
    <ClInclude Include="$(MSBuildThisFileDirectory)..\..\include\Poco\DOM\DOMWriter.h">
      <Filter>DOM\Header Files</Filter>
    </ClInclude>
    <ClInclude Include="$(MSBuildThisFileDirectory)..\..\include\Poco\DOM\DTDMap.h">
      <Filter>DOM\Header Files</Filter>
    </ClInclude>
    <ClInclude Include="$(MSBuildThisFileDirectory)..\..\include\Poco\DOM\Element.h">
      <Filter>DOM\Header Files</Filter>
    </ClInclude>
    <ClInclude Include="$(MSBuildThisFileDirectory)..\..\include\Poco\DOM\ElementsByTagNameList.h">
      <Filter>DOM\Header Files</Filter>
    </ClInclude>
    <ClInclude Include="$(MSBuildThisFileDirectory)..\..\include\Poco\DOM\Entity.h">
      <Filter>DOM\Header Files</Filter>
    </ClInclude>
    <ClInclude Include="$(MSBuildThisFileDirectory)..\..\include\Poco\DOM\EntityReference.h">
      <Filter>DOM\Header Files</Filter>
    </ClInclude>
    <ClInclude Include="$(MSBuildThisFileDirectory)..\..\include\Poco\DOM\Event.h">
      <Filter>DOM\Header Files</Filter>
    </ClInclude>
    <ClInclude Include="$(MSBuildThisFileDirectory)..\..\include\Poco\DOM\EventDispatcher.h">
      <Filter>DOM\Header Files</Filter>
    </ClInclude>
    <ClInclude Include="$(MSBuildThisFileDirectory)..\..\include\Poco\DOM\EventException.h">
      <Filter>DOM\Header Files</Filter>
    </ClInclude>
    <ClInclude Include="$(MSBuildThisFileDirectory)..\..\include\Poco\DOM\EventListener.h">
      <Filter>DOM\Header Files</Filter>
    </ClInclude>
    <ClInclude Include="$(MSBuildThisFileDirectory)..\..\include\Poco\DOM\EventTarget.h">
      <Filter>DOM\Header Files</Filter>
    </ClInclude>
    <ClInclude Include="$(MSBuildThisFileDirectory)..\..\include\Poco\DOM\MutationEvent.h">
      <Filter>DOM\Header Files</Filter>
    </ClInclude>
    <ClInclude Include="$(MSBuildThisFileDirectory)..\..\include\Poco\DOM\NamedNodeMap.h">
      <Filter>DOM\Header Files</Filter>
    </ClInclude>
    <ClInclude Include="$(MSBuildThisFileDirectory)..\..\include\Poco\DOM\Node.h">
      <Filter>DOM\Header Files</Filter>
    </ClInclude>
    <ClInclude Include="$(MSBuildThisFileDirectory)..\..\include\Poco\DOM\NodeAppender.h">
      <Filter>DOM\Header Files</Filter>
    </ClInclude>
    <ClInclude Include="$(MSBuildThisFileDirectory)..\..\include\Poco\DOM\NodeFilter.h">
      <Filter>DOM\Header Files</Filter>
    </ClInclude>
    <ClInclude Include="$(MSBuildThisFileDirectory)..\..\include\Poco\DOM\NodeIterator.h">
      <Filter>DOM\Header Files</Filter>
    </ClInclude>
    <ClInclude Include="$(MSBuildThisFileDirectory)..\..\include\Poco\DOM\NodeList.h">
      <Filter>DOM\Header Files</Filter>
    </ClInclude>
    <ClInclude Include="$(MSBuildThisFileDirectory)..\..\include\Poco\DOM\Notation.h">
      <Filter>DOM\Header Files</Filter>
    </ClInclude>
    <ClInclude Include="$(MSBuildThisFileDirectory)..\..\include\Poco\DOM\ProcessingInstruction.h">
      <Filter>DOM\Header Files</Filter>
    </ClInclude>
    <ClInclude Include="$(MSBuildThisFileDirectory)..\..\include\Poco\DOM\Text.h">
      <Filter>DOM\Header Files</Filter>
    </ClInclude>
    <ClInclude Include="$(MSBuildThisFileDirectory)..\..\include\Poco\DOM\TreeWalker.h">
      <Filter>DOM\Header Files</Filter>
    </ClInclude>
    <ClInclude Include="$(MSBuildThisFileDirectory)..\..\include\Poco\XML\expat.h">
      <Filter>Expat\Header Files</Filter>
    </ClInclude>
    <ClInclude Include="$(MSBuildThisFileDirectory)..\..\include\Poco\XML\expat_external.h">
      <Filter>Expat\Header Files</Filter>
    </ClInclude>
    <ClInclude Include="$(MSBuildThisFileDirectory)..\..\include\Poco\SAX\Attributes.h">
      <Filter>SAX\Header Files</Filter>
    </ClInclude>
    <ClInclude Include="$(MSBuildThisFileDirectory)..\..\include\Poco\SAX\AttributesImpl.h">
      <Filter>SAX\Header Files</Filter>
    </ClInclude>
    <ClInclude Include="$(MSBuildThisFileDirectory)..\..\include\Poco\SAX\ContentHandler.h">
      <Filter>SAX\Header Files</Filter>
    </ClInclude>
    <ClInclude Include="$(MSBuildThisFileDirectory)..\..\include\Poco\SAX\DeclHandler.h">
      <Filter>SAX\Header Files</Filter>
    </ClInclude>
    <ClInclude Include="$(MSBuildThisFileDirectory)..\..\include\Poco\SAX\DefaultHandler.h">
      <Filter>SAX\Header Files</Filter>
    </ClInclude>
    <ClInclude Include="$(MSBuildThisFileDirectory)..\..\include\Poco\SAX\DTDHandler.h">
      <Filter>SAX\Header Files</Filter>
    </ClInclude>
    <ClInclude Include="$(MSBuildThisFileDirectory)..\..\include\Poco\SAX\EntityResolver.h">
      <Filter>SAX\Header Files</Filter>
    </ClInclude>
    <ClInclude Include="$(MSBuildThisFileDirectory)..\..\include\Poco\SAX\EntityResolverImpl.h">
      <Filter>SAX\Header Files</Filter>
    </ClInclude>
    <ClInclude Include="$(MSBuildThisFileDirectory)..\..\include\Poco\SAX\ErrorHandler.h">
      <Filter>SAX\Header Files</Filter>
    </ClInclude>
    <ClInclude Include="$(MSBuildThisFileDirectory)..\..\include\Poco\SAX\InputSource.h">
      <Filter>SAX\Header Files</Filter>
    </ClInclude>
    <ClInclude Include="$(MSBuildThisFileDirectory)..\..\include\Poco\SAX\LexicalHandler.h">
      <Filter>SAX\Header Files</Filter>
    </ClInclude>
    <ClInclude Include="$(MSBuildThisFileDirectory)..\..\include\Poco\SAX\Locator.h">
      <Filter>SAX\Header Files</Filter>
    </ClInclude>
    <ClInclude Include="$(MSBuildThisFileDirectory)..\..\include\Poco\SAX\LocatorImpl.h">
      <Filter>SAX\Header Files</Filter>
    </ClInclude>
    <ClInclude Include="$(MSBuildThisFileDirectory)..\..\include\Poco\SAX\NamespaceSupport.h">
      <Filter>SAX\Header Files</Filter>
    </ClInclude>
    <ClInclude Include="$(MSBuildThisFileDirectory)..\..\include\Poco\SAX\SAXException.h">
      <Filter>SAX\Header Files</Filter>
    </ClInclude>
    <ClInclude Include="$(MSBuildThisFileDirectory)..\..\include\Poco\SAX\SAXParser.h">
      <Filter>SAX\Header Files</Filter>
    </ClInclude>
    <ClInclude Include="$(MSBuildThisFileDirectory)..\..\include\Poco\SAX\WhitespaceFilter.h">
      <Filter>SAX\Header Files</Filter>
    </ClInclude>
    <ClInclude Include="$(MSBuildThisFileDirectory)..\..\include\Poco\SAX\XMLFilter.h">
      <Filter>SAX\Header Files</Filter>
    </ClInclude>
    <ClInclude Include="$(MSBuildThisFileDirectory)..\..\include\Poco\SAX\XMLFilterImpl.h">
      <Filter>SAX\Header Files</Filter>
    </ClInclude>
    <ClInclude Include="$(MSBuildThisFileDirectory)..\..\include\Poco\SAX\XMLReader.h">
      <Filter>SAX\Header Files</Filter>
    </ClInclude>
    <ClInclude Include="$(MSBuildThisFileDirectory)..\..\include\Poco\XML\Name.h">
      <Filter>XML\Header Files</Filter>
    </ClInclude>
    <ClInclude Include="$(MSBuildThisFileDirectory)..\..\include\Poco\XML\NamePool.h">
      <Filter>XML\Header Files</Filter>
    </ClInclude>
    <ClInclude Include="$(MSBuildThisFileDirectory)..\..\include\Poco\XML\NamespaceStrategy.h">
      <Filter>XML\Header Files</Filter>
    </ClInclude>
    <ClInclude Include="$(MSBuildThisFileDirectory)..\..\include\Poco\XML\ParserEngine.h">
      <Filter>XML\Header Files</Filter>
    </ClInclude>
    <ClInclude Include="$(MSBuildThisFileDirectory)..\..\include\Poco\XML\XML.h">
      <Filter>XML\Header Files</Filter>
    </ClInclude>
    <ClInclude Include="$(MSBuildThisFileDirectory)..\..\include\Poco\XML\XMLException.h">
      <Filter>XML\Header Files</Filter>
    </ClInclude>
    <ClInclude Include="$(MSBuildThisFileDirectory)..\..\include\Poco\XML\XMLStream.h">
      <Filter>XML\Header Files</Filter>
    </ClInclude>
    <ClInclude Include="$(MSBuildThisFileDirectory)..\..\include\Poco\XML\XMLString.h">
      <Filter>XML\Header Files</Filter>
    </ClInclude>
    <ClInclude Include="$(MSBuildThisFileDirectory)..\..\include\Poco\XML\XMLWriter.h">
      <Filter>XML\Header Files</Filter>
    </ClInclude>
    <ClInclude Include="$(MSBuildThisFileDirectory)..\..\src\ascii.h">
      <Filter>Expat\Source Files</Filter>
    </ClInclude>
    <ClInclude Include="$(MSBuildThisFileDirectory)..\..\src\asciitab.h">
      <Filter>Expat\Source Files</Filter>
    </ClInclude>
    <ClInclude Include="$(MSBuildThisFileDirectory)..\..\src\expat_config.h">
      <Filter>Expat\Source Files</Filter>
    </ClInclude>
    <ClInclude Include="$(MSBuildThisFileDirectory)..\..\src\iasciitab.h">
      <Filter>Expat\Source Files</Filter>
    </ClInclude>
    <ClInclude Include="$(MSBuildThisFileDirectory)..\..\src\internal.h">
      <Filter>Expat\Source Files</Filter>
    </ClInclude>
    <ClInclude Include="$(MSBuildThisFileDirectory)..\..\src\latin1tab.h">
      <Filter>Expat\Source Files</Filter>
    </ClInclude>
    <ClInclude Include="$(MSBuildThisFileDirectory)..\..\src\nametab.h">
      <Filter>Expat\Source Files</Filter>
    </ClInclude>
    <ClInclude Include="$(MSBuildThisFileDirectory)..\..\src\utf8tab.h">
      <Filter>Expat\Source Files</Filter>
    </ClInclude>
    <ClInclude Include="$(MSBuildThisFileDirectory)..\..\src\xmlrole.h">
      <Filter>Expat\Source Files</Filter>
    </ClInclude>
    <ClInclude Include="$(MSBuildThisFileDirectory)..\..\src\xmltok.h">
      <Filter>Expat\Source Files</Filter>
    </ClInclude>
    <ClInclude Include="$(MSBuildThisFileDirectory)..\..\src\xmltok_impl.h">
      <Filter>Expat\Source Files</Filter>
    </ClInclude>
  </ItemGroup>
  <ItemGroup>
    <ClCompile Include="$(MSBuildThisFileDirectory)..\..\src\AbstractContainerNode.cpp">
      <Filter>DOM\Source Files</Filter>
    </ClCompile>
    <ClCompile Include="$(MSBuildThisFileDirectory)..\..\src\AbstractNode.cpp">
      <Filter>DOM\Source Files</Filter>
    </ClCompile>
    <ClCompile Include="$(MSBuildThisFileDirectory)..\..\src\Attr.cpp">
      <Filter>DOM\Source Files</Filter>
    </ClCompile>
    <ClCompile Include="$(MSBuildThisFileDirectory)..\..\src\CDATASection.cpp">
      <Filter>DOM\Source Files</Filter>
    </ClCompile>
    <ClCompile Include="$(MSBuildThisFileDirectory)..\..\src\CharacterData.cpp">
      <Filter>DOM\Source Files</Filter>
    </ClCompile>
    <ClCompile Include="$(MSBuildThisFileDirectory)..\..\src\ChildNodesList.cpp">
      <Filter>DOM\Source Files</Filter>
    </ClCompile>
    <ClCompile Include="$(MSBuildThisFileDirectory)..\..\src\Comment.cpp">
      <Filter>DOM\Source Files</Filter>
    </ClCompile>
    <ClCompile Include="$(MSBuildThisFileDirectory)..\..\src\Document.cpp">
      <Filter>DOM\Source Files</Filter>
    </ClCompile>
    <ClCompile Include="$(MSBuildThisFileDirectory)..\..\src\DocumentEvent.cpp">
      <Filter>DOM\Source Files</Filter>
    </ClCompile>
    <ClCompile Include="$(MSBuildThisFileDirectory)..\..\src\DocumentFragment.cpp">
      <Filter>DOM\Source Files</Filter>
    </ClCompile>
    <ClCompile Include="$(MSBuildThisFileDirectory)..\..\src\DocumentType.cpp">
      <Filter>DOM\Source Files</Filter>
    </ClCompile>
    <ClCompile Include="$(MSBuildThisFileDirectory)..\..\src\DOMBuilder.cpp">
      <Filter>DOM\Source Files</Filter>
    </ClCompile>
    <ClCompile Include="$(MSBuildThisFileDirectory)..\..\src\DOMException.cpp">
      <Filter>DOM\Source Files</Filter>
    </ClCompile>
    <ClCompile Include="$(MSBuildThisFileDirectory)..\..\src\DOMImplementation.cpp">
      <Filter>DOM\Source Files</Filter>
    </ClCompile>
    <ClCompile Include="$(MSBuildThisFileDirectory)..\..\src\DOMObject.cpp">
      <Filter>DOM\Source Files</Filter>
    </ClCompile>
    <ClCompile Include="$(MSBuildThisFileDirectory)..\..\src\DOMParser.cpp">
      <Filter>DOM\Source Files</Filter>
    </ClCompile>
    <ClCompile Include="$(MSBuildThisFileDirectory)..\..\src\DOMSerializer.cpp">
      <Filter>DOM\Source Files</Filter>
    </ClCompile>
    <ClCompile Include="$(MSBuildThisFileDirectory)..\..\src\DOMWriter.cpp">
      <Filter>DOM\Source Files</Filter>
    </ClCompile>
    <ClCompile Include="$(MSBuildThisFileDirectory)..\..\src\DTDMap.cpp">
      <Filter>DOM\Source Files</Filter>
    </ClCompile>
    <ClCompile Include="$(MSBuildThisFileDirectory)..\..\src\Element.cpp">
      <Filter>DOM\Source Files</Filter>
    </ClCompile>
    <ClCompile Include="$(MSBuildThisFileDirectory)..\..\src\ElementsByTagNameList.cpp">
      <Filter>DOM\Source Files</Filter>
    </ClCompile>
    <ClCompile Include="$(MSBuildThisFileDirectory)..\..\src\Entity.cpp">
      <Filter>DOM\Source Files</Filter>
    </ClCompile>
    <ClCompile Include="$(MSBuildThisFileDirectory)..\..\src\EntityReference.cpp">
      <Filter>DOM\Source Files</Filter>
    </ClCompile>
    <ClCompile Include="$(MSBuildThisFileDirectory)..\..\src\Event.cpp">
      <Filter>DOM\Source Files</Filter>
    </ClCompile>
    <ClCompile Include="$(MSBuildThisFileDirectory)..\..\src\EventDispatcher.cpp">
      <Filter>DOM\Source Files</Filter>
    </ClCompile>
    <ClCompile Include="$(MSBuildThisFileDirectory)..\..\src\EventException.cpp">
      <Filter>DOM\Source Files</Filter>
    </ClCompile>
    <ClCompile Include="$(MSBuildThisFileDirectory)..\..\src\EventListener.cpp">
      <Filter>DOM\Source Files</Filter>
    </ClCompile>
    <ClCompile Include="$(MSBuildThisFileDirectory)..\..\src\EventTarget.cpp">
      <Filter>DOM\Source Files</Filter>
    </ClCompile>
    <ClCompile Include="$(MSBuildThisFileDirectory)..\..\src\MutationEvent.cpp">
      <Filter>DOM\Source Files</Filter>
    </ClCompile>
    <ClCompile Include="$(MSBuildThisFileDirectory)..\..\src\Name.cpp">
      <Filter>DOM\Source Files</Filter>
    </ClCompile>
    <ClCompile Include="$(MSBuildThisFileDirectory)..\..\src\NamedNodeMap.cpp">
      <Filter>DOM\Source Files</Filter>
    </ClCompile>
    <ClCompile Include="$(MSBuildThisFileDirectory)..\..\src\Node.cpp">
      <Filter>DOM\Source Files</Filter>
    </ClCompile>
    <ClCompile Include="$(MSBuildThisFileDirectory)..\..\src\NodeAppender.cpp">
      <Filter>DOM\Source Files</Filter>
    </ClCompile>
    <ClCompile Include="$(MSBuildThisFileDirectory)..\..\src\NodeFilter.cpp">
      <Filter>DOM\Source Files</Filter>
    </ClCompile>
    <ClCompile Include="$(MSBuildThisFileDirectory)..\..\src\NodeIterator.cpp">
      <Filter>DOM\Source Files</Filter>
    </ClCompile>
    <ClCompile Include="$(MSBuildThisFileDirectory)..\..\src\NodeList.cpp">
      <Filter>DOM\Source Files</Filter>
    </ClCompile>
    <ClCompile Include="$(MSBuildThisFileDirectory)..\..\src\Notation.cpp">
      <Filter>DOM\Source Files</Filter>
    </ClCompile>
    <ClCompile Include="$(MSBuildThisFileDirectory)..\..\src\ProcessingInstruction.cpp">
      <Filter>DOM\Source Files</Filter>
    </ClCompile>
    <ClCompile Include="$(MSBuildThisFileDirectory)..\..\src\Text.cpp">
      <Filter>DOM\Source Files</Filter>
    </ClCompile>
    <ClCompile Include="$(MSBuildThisFileDirectory)..\..\src\TreeWalker.cpp">
      <Filter>DOM\Source Files</Filter>
    </ClCompile>
    <ClCompile Include="$(MSBuildThisFileDirectory)..\..\src\xmlparse.cpp">
      <Filter>Expat\Source Files</Filter>
    </ClCompile>
    <ClCompile Include="$(MSBuildThisFileDirectory)..\..\src\xmlrole.c">
      <Filter>Expat\Source Files</Filter>
    </ClCompile>
    <ClCompile Include="$(MSBuildThisFileDirectory)..\..\src\xmltok.c">
      <Filter>Expat\Source Files</Filter>
    </ClCompile>
    <ClCompile Include="$(MSBuildThisFileDirectory)..\..\src\Attributes.cpp">
      <Filter>SAX\Source Files</Filter>
    </ClCompile>
    <ClCompile Include="$(MSBuildThisFileDirectory)..\..\src\AttributesImpl.cpp">
      <Filter>SAX\Source Files</Filter>
    </ClCompile>
    <ClCompile Include="$(MSBuildThisFileDirectory)..\..\src\ContentHandler.cpp">
      <Filter>SAX\Source Files</Filter>
    </ClCompile>
    <ClCompile Include="$(MSBuildThisFileDirectory)..\..\src\DeclHandler.cpp">
      <Filter>SAX\Source Files</Filter>
    </ClCompile>
    <ClCompile Include="$(MSBuildThisFileDirectory)..\..\src\DefaultHandler.cpp">
      <Filter>SAX\Source Files</Filter>
    </ClCompile>
    <ClCompile Include="$(MSBuildThisFileDirectory)..\..\src\DTDHandler.cpp">
      <Filter>SAX\Source Files</Filter>
    </ClCompile>
    <ClCompile Include="$(MSBuildThisFileDirectory)..\..\src\EntityResolver.cpp">
      <Filter>SAX\Source Files</Filter>
    </ClCompile>
    <ClCompile Include="$(MSBuildThisFileDirectory)..\..\src\EntityResolverImpl.cpp">
      <Filter>SAX\Source Files</Filter>
    </ClCompile>
    <ClCompile Include="$(MSBuildThisFileDirectory)..\..\src\ErrorHandler.cpp">
      <Filter>SAX\Source Files</Filter>
    </ClCompile>
    <ClCompile Include="$(MSBuildThisFileDirectory)..\..\src\InputSource.cpp">
      <Filter>SAX\Source Files</Filter>
    </ClCompile>
    <ClCompile Include="$(MSBuildThisFileDirectory)..\..\src\LexicalHandler.cpp">
      <Filter>SAX\Source Files</Filter>
    </ClCompile>
    <ClCompile Include="$(MSBuildThisFileDirectory)..\..\src\Locator.cpp">
      <Filter>SAX\Source Files</Filter>
    </ClCompile>
    <ClCompile Include="$(MSBuildThisFileDirectory)..\..\src\LocatorImpl.cpp">
      <Filter>SAX\Source Files</Filter>
    </ClCompile>
    <ClCompile Include="$(MSBuildThisFileDirectory)..\..\src\NamespaceSupport.cpp">
      <Filter>SAX\Source Files</Filter>
    </ClCompile>
    <ClCompile Include="$(MSBuildThisFileDirectory)..\..\src\SAXException.cpp">
      <Filter>SAX\Source Files</Filter>
    </ClCompile>
    <ClCompile Include="$(MSBuildThisFileDirectory)..\..\src\SAXParser.cpp">
      <Filter>SAX\Source Files</Filter>
    </ClCompile>
    <ClCompile Include="$(MSBuildThisFileDirectory)..\..\src\WhitespaceFilter.cpp">
      <Filter>SAX\Source Files</Filter>
    </ClCompile>
    <ClCompile Include="$(MSBuildThisFileDirectory)..\..\src\XMLFilter.cpp">
      <Filter>SAX\Source Files</Filter>
    </ClCompile>
    <ClCompile Include="$(MSBuildThisFileDirectory)..\..\src\XMLFilterImpl.cpp">
      <Filter>SAX\Source Files</Filter>
    </ClCompile>
    <ClCompile Include="$(MSBuildThisFileDirectory)..\..\src\XMLReader.cpp">
      <Filter>SAX\Source Files</Filter>
    </ClCompile>
    <ClCompile Include="$(MSBuildThisFileDirectory)..\..\src\NamePool.cpp">
      <Filter>XML\Source Files</Filter>
    </ClCompile>
    <ClCompile Include="$(MSBuildThisFileDirectory)..\..\src\NamespaceStrategy.cpp">
      <Filter>XML\Source Files</Filter>
    </ClCompile>
    <ClCompile Include="$(MSBuildThisFileDirectory)..\..\src\ParserEngine.cpp">
      <Filter>XML\Source Files</Filter>
    </ClCompile>
    <ClCompile Include="$(MSBuildThisFileDirectory)..\..\src\XMLException.cpp">
      <Filter>XML\Source Files</Filter>
    </ClCompile>
    <ClCompile Include="$(MSBuildThisFileDirectory)..\..\src\XMLString.cpp">
      <Filter>XML\Source Files</Filter>
    </ClCompile>
    <ClCompile Include="$(MSBuildThisFileDirectory)..\..\src\XMLWriter.cpp">
      <Filter>XML\Source Files</Filter>
    </ClCompile>
    <ClCompile Include="$(MSBuildThisFileDirectory)..\..\src\AttrMap.cpp">
      <Filter>DOM\Source Files</Filter>
    </ClCompile>
  </ItemGroup>
</Project>