<?xml version="1.0" encoding="utf-8"?>
<Project ToolsVersion="12.0" xmlns="http://schemas.microsoft.com/developer/msbuild/2003">
  <ItemGroup>
    <ClCompile Include="$(MSBuildThisFileDirectory)..\..\src\X509Certificate.cpp">
      <Filter>Certificate\Source Files</Filter>
    </ClCompile>
    <ClCompile Include="$(MSBuildThisFileDirectory)..\..\src\OpenSSLInitializer.cpp">
      <Filter>CryptoCore\Source Files</Filter>
    </ClCompile>
  </ItemGroup>
  <ItemGroup>
    <Filter Include="CryptoCore">
      <UniqueIdentifier>{fa15c0d1-8b02-43f1-a807-357d90543c3c}</UniqueIdentifier>
    </Filter>
    <Filter Include="CryptoCore\Source Files">
      <UniqueIdentifier>{1c470a0b-6a7f-4188-b0b9-a4b3ec3ed0d6}</UniqueIdentifier>
    </Filter>
    <Filter Include="CryptoCore\Header Files">
      <UniqueIdentifier>{4ae477b3-6b7f-49f5-9945-ea2f7cac3176}</UniqueIdentifier>
    </Filter>
    <Filter Include="Certificate">
      <UniqueIdentifier>{0cf873cb-a5ef-40fe-b0ab-b2ee94b50586}</UniqueIdentifier>
    </Filter>
    <Filter Include="Certificate\Source Files">
      <UniqueIdentifier>{7e72dc6f-ddef-4523-acd6-041709da1b72}</UniqueIdentifier>
    </Filter>
    <Filter Include="Certificate\Header Files">
      <UniqueIdentifier>{e381d854-a0cc-4ef8-a7c7-f0e35a43997e}</UniqueIdentifier>
    </Filter>
  </ItemGroup>
  <ItemGroup>
    <ClInclude Include="$(MSBuildThisFileDirectory)..\..\include\Poco\Crypto\OpenSSLInitializer.h">
      <Filter>CryptoCore\Header Files</Filter>
    </ClInclude>
    <ClInclude Include="$(MSBuildThisFileDirectory)..\..\include\Poco\Crypto\X509Certificate.h">
      <Filter>Certificate\Header Files</Filter>
    </ClInclude>
  </ItemGroup>
</Project>